# This file is autogenerated, do not edit; changes may be undone by the next 'dep ensure'.


[[projects]]
  digest = "1:aac16bb6c315811ab24172b7c5f0fba9558caded841a5abe461736f793866b81"
  name = "github.com/alexellis/hmac"
  packages = ["."]
  pruneopts = ""
  revision = "d5d71edd7bc74eb6ae4b99eccc6bda738435f43f"
  version = "1.2"

[[projects]]
  digest = "1:6098222470fe0172157ce9bbef5d2200df4edde17ee649c5d6e48330e4afa4c6"
  name = "github.com/dgrijalva/jwt-go"
  packages = ["."]
  pruneopts = ""
  revision = "06ea1031745cb8b3dab3f6a236daf2b0aa468b7e"
  version = "v3.2.0"

[[projects]]
  digest = "1:529d738b7976c3848cae5cf3a8036440166835e389c1f617af701eeb12a0518d"
  name = "github.com/golang/protobuf"
  packages = ["proto"]
  pruneopts = ""
  revision = "b5d812f8a3706043e23a9cd5babf2e5423744d30"
  version = "v1.3.1"

[[projects]]
  digest = "1:9bede147d8be40c17801145c56b0e6b3acfe1a37640427918edbbb0275167af1"
  name = "github.com/google/go-github"
  packages = ["github"]
  pruneopts = ""
  revision = "ababee01b03f69965d0ec370e65b61ec7967be34"
  version = "v26.0.9"

[[projects]]
  digest = "1:cea4aa2038169ee558bf507d5ea02c94ca85bcca28a4c7bb99fd59b31e43a686"
  name = "github.com/google/go-querystring"
  packages = ["query"]
  pruneopts = ""
  revision = "44c6ddd0a2342c386950e880b658017258da92fc"
  version = "v1.0.0"

[[projects]]
  digest = "1:d30085f782a2785c72cd5d4dda822aa615070ba745ea25e5a8a3661faa0ad980"
  name = "github.com/openfaas/faas-provider"
  packages = ["auth"]
  pruneopts = ""
  revision = "0ca8ae603fee9736e011b81fbf02777d89a4ea85"
  version = "0.9.2"

[[projects]]
  digest = "1:56afd8f0e8cc232e3ba2f6e7b3d8cf24aacb81d3f405cd19d343f47813fc829c"
  name = "github.com/openfaas/openfaas-cloud"
  packages = ["sdk"]
  pruneopts = ""
  revision = "e06793b5fbd6315be37044702a24f8f13f584b91"
  version = "0.9.4"

[[projects]]
  branch = "master"
  digest = "1:90722da867436e04650b8491e5d9f690aeb2a4e305d548666bdd541d68d6cdbd"
  name = "golang.org/x/crypto"
  packages = [
    "cast5",
    "openpgp",
    "openpgp/armor",
    "openpgp/elgamal",
    "openpgp/errors",
    "openpgp/packet",
    "openpgp/s2k",
  ]
  pruneopts = ""
  revision = "cc06ce4a13d484c0101a9e92913248488a75786d"

[[projects]]
  branch = "master"
  digest = "1:31cd6e3c114e17c5f0c9e8b0bcaa3025ab3c221ce36323c7ce1acaa753d0d0aa"
  name = "golang.org/x/net"
  packages = [
    "context",
    "context/ctxhttp",
  ]
  pruneopts = ""
  revision = "da137c7871d730100384dbcf36e6f8fa493aef5b"

[[projects]]
  branch = "master"
  digest = "1:01bdbbc604dcd5afb6f66a717f69ad45e9643c72d5bc11678d44ffa5c50f9e42"
  name = "golang.org/x/oauth2"
  packages = [
    ".",
    "internal",
  ]
  pruneopts = ""
  revision = "0f29369cfe4552d0e4bcddc57cc75f4d7e672a33"

[[projects]]
  digest = "1:47f391ee443f578f01168347818cb234ed819521e49e4d2c8dd2fb80d48ee41a"
  name = "google.golang.org/appengine"
  packages = [
    "internal",
    "internal/base",
    "internal/datastore",
    "internal/log",
    "internal/remote_api",
    "internal/urlfetch",
    "urlfetch",
  ]
  pruneopts = ""
  revision = "b2f4a3cf3c67576a2ee09e1fe62656a5086ce880"
  version = "v1.6.1"

[solve-meta]
  analyzer-name = "dep"
  analyzer-version = 1
  input-imports = [
    "github.com/dgrijalva/jwt-go",
    "github.com/google/go-github/github",
    "github.com/openfaas/openfaas-cloud/sdk",
    "golang.org/x/oauth2",
  ]
  solver-name = "gps-cdcl"
  solver-version = 1
